
Microsoft Visual Studio Solution File, Format Version 12.00
# Visual Studio Version 17
VisualStudioVersion = 17.5.33424.131
MinimumVisualStudioVersion = 10.0.40219.1
Project("{9A19103F-16F7-4668-BE54-9A1E7A4F7556}") = "CarWorkshop", "CarWorkshop\CarWorkshop.csproj", "{8F3DC7FE-533B-47CB-B772-7E28646F24C0}"
EndProject
Project("{9A19103F-16F7-4668-BE54-9A1E7A4F7556}") = "CarWorkshop.Domain", "CarWorkshop.Domain\CarWorkshop.Domain.csproj", "{9CDD7CBB-4BD2-4EDC-9C1B-D1E7BA0D9DBF}"
EndProject
Project("{9A19103F-16F7-4668-BE54-9A1E7A4F7556}") = "CarWorkshop.Application", "CarWorkshop.Application\CarWorkshop.Application.csproj", "{4209C725-7FE5-4FFF-9CC3-7376EC051EAE}"
EndProject
Project("{9A19103F-16F7-4668-BE54-9A1E7A4F7556}") = "CarWorkshop.Infrastructure", "CarWorkshop.Infrastructure\CarWorkshop.Infrastructure.csproj", "{6AEFB1C5-43D6-42F2-8FDA-FDB5B45F1419}"
EndProject
Global
	GlobalSection(SolutionConfigurationPlatforms) = preSolution
		Debug|Any CPU = Debug|Any CPU
		Release|Any CPU = Release|Any CPU
	EndGlobalSection
	GlobalSection(ProjectConfigurationPlatforms) = postSolution
		{8F3DC7FE-533B-47CB-B772-7E28646F24C0}.Debug|Any CPU.ActiveCfg = Debug|Any CPU
		{8F3DC7FE-533B-47CB-B772-7E28646F24C0}.Debug|Any CPU.Build.0 = Debug|Any CPU
		{8F3DC7FE-533B-47CB-B772-7E28646F24C0}.Release|Any CPU.ActiveCfg = Release|Any CPU
		{8F3DC7FE-533B-47CB-B772-7E28646F24C0}.Release|Any CPU.Build.0 = Release|Any CPU
		{9CDD7CBB-4BD2-4EDC-9C1B-D1E7BA0D9DBF}.Debug|Any CPU.ActiveCfg = Debug|Any CPU
		{9CDD7CBB-4BD2-4EDC-9C1B-D1E7BA0D9DBF}.Debug|Any CPU.Build.0 = Debug|Any CPU
		{9CDD7CBB-4BD2-4EDC-9C1B-D1E7BA0D9DBF}.Release|Any CPU.ActiveCfg = Release|Any CPU
		{9CDD7CBB-4BD2-4EDC-9C1B-D1E7BA0D9DBF}.Release|Any CPU.Build.0 = Release|Any CPU
		{4209C725-7FE5-4FFF-9CC3-7376EC051EAE}.Debug|Any CPU.ActiveCfg = Debug|Any CPU
		{4209C725-7FE5-4FFF-9CC3-7376EC051EAE}.Debug|Any CPU.Build.0 = Debug|Any CPU
		{4209C725-7FE5-4FFF-9CC3-7376EC051EAE}.Release|Any CPU.ActiveCfg = Release|Any CPU
		{4209C725-7FE5-4FFF-9CC3-7376EC051EAE}.Release|Any CPU.Build.0 = Release|Any CPU
		{6AEFB1C5-43D6-42F2-8FDA-FDB5B45F1419}.Debug|Any CPU.ActiveCfg = Debug|Any CPU
		{6AEFB1C5-43D6-42F2-8FDA-FDB5B45F1419}.Debug|Any CPU.Build.0 = Debug|Any CPU
		{6AEFB1C5-43D6-42F2-8FDA-FDB5B45F1419}.Release|Any CPU.ActiveCfg = Release|Any CPU
		{6AEFB1C5-43D6-42F2-8FDA-FDB5B45F1419}.Release|Any CPU.Build.0 = Release|Any CPU
	EndGlobalSection
	GlobalSection(SolutionProperties) = preSolution
		HideSolutionNode = FALSE
	EndGlobalSection
	GlobalSection(ExtensibilityGlobals) = postSolution
		SolutionGuid = {781BFA01-8771-4253-B7F2-D134B4D08BE8}
	EndGlobalSection
EndGlobal
